{
  "nodes": {
    "agenix": {
      "inputs": {
        "darwin": "darwin",
        "home-manager": "home-manager",
        "nixpkgs": "nixpkgs"
      },
      "locked": {
        "lastModified": 1695384796,
        "narHash": "sha256-TYlE4B0ktPtlJJF9IFxTWrEeq+XKG8Ny0gc2FGEAdj0=",
        "owner": "ryantm",
        "repo": "agenix",
        "rev": "1f677b3e161d3bdbfd08a939e8f25de2568e0ef4",
        "type": "github"
      },
      "original": {
        "owner": "ryantm",
        "repo": "agenix",
        "type": "github"
      }
    },
    "darwin": {
      "inputs": {
        "nixpkgs": [
          "agenix",
          "nixpkgs"
        ]
      },
      "locked": {
        "lastModified": 1673295039,
        "narHash": "sha256-AsdYgE8/GPwcelGgrntlijMg4t3hLFJFCRF3tL5WVjA=",
        "owner": "lnl7",
        "repo": "nix-darwin",
        "rev": "87b9d090ad39b25b2400029c64825fc2a8868943",
        "type": "github"
      },
      "original": {
        "owner": "lnl7",
        "ref": "master",
        "repo": "nix-darwin",
        "type": "github"
      }
    },
    "darwin_2": {
      "inputs": {
        "nixpkgs": [
          "nixpkgs"
        ]
      },
      "locked": {
        "lastModified": 1695686713,
        "narHash": "sha256-rJATx5B/nwlBpt7CJUf85LV27qWPbul5UVV8fu6ABPg=",
        "owner": "lnl7",
        "repo": "nix-darwin",
        "rev": "e236a1e598a9a59265897948ac9874c364b9555f",
        "type": "github"
      },
      "original": {
        "owner": "lnl7",
        "repo": "nix-darwin",
        "type": "github"
      }
    },
    "devenv": {
      "inputs": {
        "flake-compat": "flake-compat",
        "nix": "nix",
        "nixpkgs": "nixpkgs_2",
        "pre-commit-hooks": "pre-commit-hooks"
      },
      "locked": {
        "lastModified": 1688058187,
        "narHash": "sha256-ipDcc7qrucpJ0+0eYNlwnE+ISTcq4m03qW+CWUshRXI=",
        "owner": "cachix",
        "repo": "devenv",
        "rev": "c8778e3dc30eb9043e218aaa3861d42d4992de77",
        "type": "github"
      },
      "original": {
        "owner": "cachix",
        "ref": "latest",
        "repo": "devenv",
        "type": "github"
      }
    },
    "flake-compat": {
      "flake": false,
      "locked": {
        "lastModified": 1673956053,
        "narHash": "sha256-4gtG9iQuiKITOjNQQeQIpoIB6b16fm+504Ch3sNKLd8=",
        "owner": "edolstra",
        "repo": "flake-compat",
        "rev": "35bb57c0c8d8b62bbfd284272c928ceb64ddbde9",
        "type": "github"
      },
      "original": {
        "owner": "edolstra",
        "repo": "flake-compat",
        "type": "github"
      }
    },
    "flake-utils": {
      "locked": {
        "lastModified": 1667395993,
        "narHash": "sha256-nuEHfE/LcWyuSWnS8t12N1wc105Qtau+/OdUAjtQ0rA=",
        "owner": "numtide",
        "repo": "flake-utils",
        "rev": "5aed5285a952e0b949eb3ba02c12fa4fcfef535f",
        "type": "github"
      },
      "original": {
        "owner": "numtide",
        "repo": "flake-utils",
        "type": "github"
      }
    },
    "flake-utils_2": {
      "inputs": {
        "systems": "systems"
      },
      "locked": {
        "lastModified": 1694529238,
        "narHash": "sha256-zsNZZGTGnMOf9YpHKJqMSsa0dXbfmxeoJ7xHlrt+xmY=",
        "owner": "numtide",
        "repo": "flake-utils",
        "rev": "ff7b65b44d01cf9ba6a71320833626af21126384",
        "type": "github"
      },
      "original": {
        "owner": "numtide",
        "repo": "flake-utils",
        "type": "github"
      }
    },
    "flake-utils_3": {
      "inputs": {
        "systems": "systems_3"
      },
      "locked": {
        "lastModified": 1689068808,
        "narHash": "sha256-6ixXo3wt24N/melDWjq70UuHQLxGV8jZvooRanIHXw0=",
        "owner": "numtide",
        "repo": "flake-utils",
        "rev": "919d646de7be200f3bf08cb76ae1f09402b6f9b4",
        "type": "github"
      },
      "original": {
        "owner": "numtide",
        "repo": "flake-utils",
        "type": "github"
      }
    },
    "flake-utils_4": {
      "inputs": {
        "systems": "systems_4"
      },
      "locked": {
        "lastModified": 1692799911,
        "narHash": "sha256-3eihraek4qL744EvQXsK1Ha6C3CR7nnT8X2qWap4RNk=",
        "owner": "numtide",
        "repo": "flake-utils",
        "rev": "f9e7cf818399d17d347f847525c5a5a8032e4e44",
        "type": "github"
      },
      "original": {
        "owner": "numtide",
        "repo": "flake-utils",
        "type": "github"
      }
    },
    "flake-utils_5": {
      "inputs": {
        "systems": "systems_5"
      },
      "locked": {
        "lastModified": 1681202837,
        "narHash": "sha256-H+Rh19JDwRtpVPAWp64F+rlEtxUWBAQW28eAi3SRSzg=",
        "owner": "numtide",
        "repo": "flake-utils",
        "rev": "cfacdce06f30d2b68473a46042957675eebb3401",
        "type": "github"
      },
      "original": {
        "owner": "numtide",
        "repo": "flake-utils",
        "type": "github"
      }
    },
    "flake-utils_6": {
      "locked": {
        "lastModified": 1667395993,
        "narHash": "sha256-nuEHfE/LcWyuSWnS8t12N1wc105Qtau+/OdUAjtQ0rA=",
        "owner": "numtide",
        "repo": "flake-utils",
        "rev": "5aed5285a952e0b949eb3ba02c12fa4fcfef535f",
        "type": "github"
      },
      "original": {
        "owner": "numtide",
        "repo": "flake-utils",
        "type": "github"
      }
    },
    "gitignore": {
      "inputs": {
        "nixpkgs": [
          "devenv",
          "pre-commit-hooks",
          "nixpkgs"
        ]
      },
      "locked": {
        "lastModified": 1660459072,
        "narHash": "sha256-8DFJjXG8zqoONA1vXtgeKXy68KdJL5UaXR8NtVMUbx8=",
        "owner": "hercules-ci",
        "repo": "gitignore.nix",
        "rev": "a20de23b925fd8264fd7fad6454652e142fd7f73",
        "type": "github"
      },
      "original": {
        "owner": "hercules-ci",
        "repo": "gitignore.nix",
        "type": "github"
      }
    },
    "home-manager": {
      "inputs": {
        "nixpkgs": [
          "agenix",
          "nixpkgs"
        ]
      },
      "locked": {
        "lastModified": 1682203081,
        "narHash": "sha256-kRL4ejWDhi0zph/FpebFYhzqlOBrk0Pl3dzGEKSAlEw=",
        "owner": "nix-community",
        "repo": "home-manager",
        "rev": "32d3e39c491e2f91152c84f8ad8b003420eab0a1",
        "type": "github"
      },
      "original": {
        "owner": "nix-community",
        "repo": "home-manager",
        "type": "github"
      }
    },
    "home-manager_2": {
      "inputs": {
        "nixpkgs": [
          "nixpkgs"
        ]
      },
      "locked": {
        "lastModified": 1695708052,
        "narHash": "sha256-QiWOrZcCmY+zH2NVM6/opZaMRMgam9u+qVYycKLqL10=",
        "owner": "nix-community",
        "repo": "home-manager",
        "rev": "dd88dbc69438384bd94f8282584a86798750028c",
        "type": "github"
      },
      "original": {
        "owner": "nix-community",
        "repo": "home-manager",
        "type": "github"
      }
    },
    "hyprland": {
      "inputs": {
        "hyprland-protocols": "hyprland-protocols",
        "nixpkgs": "nixpkgs_3",
        "systems": "systems_2",
        "wlroots": "wlroots",
        "xdph": "xdph"
      },
      "locked": {
        "lastModified": 1695650428,
        "narHash": "sha256-gAUMixbeGqRjmh1IK3N6ffEcLiG5NxQNvxBjTVbpbFA=",
        "owner": "hyprwm",
        "repo": "Hyprland",
        "rev": "ffacd2efd1ca7fdf364a519c9d8d8644da28412b",
        "type": "github"
      },
      "original": {
        "owner": "hyprwm",
        "repo": "Hyprland",
        "type": "github"
      }
    },
    "hyprland-protocols": {
      "inputs": {
        "nixpkgs": [
          "hyprland",
          "nixpkgs"
        ],
        "systems": [
          "hyprland",
          "systems"
        ]
      },
      "locked": {
        "lastModified": 1691753796,
        "narHash": "sha256-zOEwiWoXk3j3+EoF3ySUJmberFewWlagvewDRuWYAso=",
        "owner": "hyprwm",
        "repo": "hyprland-protocols",
        "rev": "0c2ce70625cb30aef199cb388f99e19a61a6ce03",
        "type": "github"
      },
      "original": {
        "owner": "hyprwm",
        "repo": "hyprland-protocols",
        "type": "github"
      }
    },
    "lowdown-src": {
      "flake": false,
      "locked": {
        "lastModified": 1633514407,
        "narHash": "sha256-Dw32tiMjdK9t3ETl5fzGrutQTzh2rufgZV4A/BbxuD4=",
        "owner": "kristapsdz",
        "repo": "lowdown",
        "rev": "d2c2b44ff6c27b936ec27358a2653caaef8f73b8",
        "type": "github"
      },
      "original": {
        "owner": "kristapsdz",
        "repo": "lowdown",
        "type": "github"
      }
    },
    "modular-neovim": {
      "inputs": {
        "flake-utils": "flake-utils_3",
        "nixpkgs": "nixpkgs_4",
        "plugin-autopairs": "plugin-autopairs",
        "plugin-catppuccin": "plugin-catppuccin",
        "plugin-cmp-buffer": "plugin-cmp-buffer",
        "plugin-cmp-nvim-lsp": "plugin-cmp-nvim-lsp",
        "plugin-cmp-path": "plugin-cmp-path",
        "plugin-cmp-treesitter": "plugin-cmp-treesitter",
        "plugin-cmp-vsnip": "plugin-cmp-vsnip",
        "plugin-colorizer": "plugin-colorizer",
        "plugin-commentary": "plugin-commentary",
        "plugin-dap": "plugin-dap",
        "plugin-dap-ui": "plugin-dap-ui",
        "plugin-dracula": "plugin-dracula",
        "plugin-dracula-nvim": "plugin-dracula-nvim",
        "plugin-fidget": "plugin-fidget",
        "plugin-formatter-nvim": "plugin-formatter-nvim",
        "plugin-fugitive": "plugin-fugitive",
        "plugin-gitsigns": "plugin-gitsigns",
        "plugin-gruvbox": "plugin-gruvbox",
        "plugin-harpoon": "plugin-harpoon",
        "plugin-indent-blankline": "plugin-indent-blankline",
        "plugin-lspconfig": "plugin-lspconfig",
        "plugin-lspkind": "plugin-lspkind",
        "plugin-lualine": "plugin-lualine",
        "plugin-nvim-cmp": "plugin-nvim-cmp",
        "plugin-nvim-code-action-menu": "plugin-nvim-code-action-menu",
        "plugin-nvim-dap-vscode-js": "plugin-nvim-dap-vscode-js",
        "plugin-nvim-lastplace": "plugin-nvim-lastplace",
        "plugin-nvim-tree-lua": "plugin-nvim-tree-lua",
        "plugin-nvim-ts-autotag": "plugin-nvim-ts-autotag",
        "plugin-nvim-web-devicons": "plugin-nvim-web-devicons",
        "plugin-onedark": "plugin-onedark",
        "plugin-plenary-nvim": "plugin-plenary-nvim",
        "plugin-surround": "plugin-surround",
        "plugin-telescope": "plugin-telescope",
        "plugin-tmux-navigator": "plugin-tmux-navigator",
        "plugin-tokyonight": "plugin-tokyonight",
        "plugin-treesitter-context": "plugin-treesitter-context",
        "plugin-undotree": "plugin-undotree",
        "plugin-vim-vsnip": "plugin-vim-vsnip",
        "vscode-js-debug": "vscode-js-debug"
      },
      "locked": {
        "lastModified": 1694066419,
        "narHash": "sha256-2byrNeeaQ8DSGaopZxTZyUhx5f9CdWDkqIPtVCNEkQs=",
        "owner": "samjwillis97",
        "repo": "modular-neovim-flake",
        "rev": "bc1d61478fb0ac8516097950d41bb8d384f886a6",
        "type": "github"
      },
      "original": {
        "owner": "samjwillis97",
        "repo": "modular-neovim-flake",
        "type": "github"
      }
    },
    "neovim": {
      "inputs": {
        "flake-utils": "flake-utils_6",
        "nixpkgs": [
          "old-neovim",
          "nixpkgs"
        ]
      },
      "locked": {
        "dir": "contrib",
        "lastModified": 1680866789,
        "narHash": "sha256-4uCPWnjSMU7ac6Q3LT+Em8lVk1MuSegxHMLGQRtFqAs=",
        "owner": "neovim",
        "repo": "neovim",
        "rev": "040f1459849ab05b04f6bb1e77b3def16b4c2f2b",
        "type": "github"
      },
      "original": {
        "dir": "contrib",
        "owner": "neovim",
        "ref": "stable",
        "repo": "neovim",
        "type": "github"
      }
    },
    "nix": {
      "inputs": {
        "lowdown-src": "lowdown-src",
        "nixpkgs": [
          "devenv",
          "nixpkgs"
        ],
        "nixpkgs-regression": "nixpkgs-regression"
      },
      "locked": {
        "lastModified": 1676545802,
        "narHash": "sha256-EK4rZ+Hd5hsvXnzSzk2ikhStJnD63odF7SzsQ8CuSPU=",
        "owner": "domenkozar",
        "repo": "nix",
        "rev": "7c91803598ffbcfe4a55c44ac6d49b2cf07a527f",
        "type": "github"
      },
      "original": {
        "owner": "domenkozar",
        "ref": "relaxed-flakes",
        "repo": "nix",
        "type": "github"
      }
    },
    "nix-serve": {
      "inputs": {
        "nixpkgs": "nixpkgs_6"
      },
      "locked": {
        "lastModified": 1688855758,
        "narHash": "sha256-Fc5a1anVxEDLUni6LGbWMmA71qfA/eM8+gRP6n07VdM=",
        "owner": "samjwillis97",
        "repo": "nix-serve",
        "rev": "11095d3c6595e37188eb28a242e52f404585582e",
        "type": "github"
      },
      "original": {
        "owner": "samjwillis97",
        "ref": "priority_change",
        "repo": "nix-serve",
        "type": "github"
      }
    },
    "nixpkgs": {
      "locked": {
        "lastModified": 1677676435,
        "narHash": "sha256-6FxdcmQr5JeZqsQvfinIMr0XcTyTuR7EXX0H3ANShpQ=",
        "owner": "NixOS",
        "repo": "nixpkgs",
        "rev": "a08d6979dd7c82c4cef0dcc6ac45ab16051c1169",
        "type": "github"
      },
      "original": {
        "owner": "NixOS",
        "ref": "nixos-unstable",
        "repo": "nixpkgs",
        "type": "github"
      }
    },
    "nixpkgs-regression": {
      "locked": {
        "lastModified": 1643052045,
        "narHash": "sha256-uGJ0VXIhWKGXxkeNnq4TvV3CIOkUJ3PAoLZ3HMzNVMw=",
        "owner": "NixOS",
        "repo": "nixpkgs",
        "rev": "215d4d0fd80ca5163643b03a33fde804a29cc1e2",
        "type": "github"
      },
      "original": {
        "owner": "NixOS",
        "repo": "nixpkgs",
        "rev": "215d4d0fd80ca5163643b03a33fde804a29cc1e2",
        "type": "github"
      }
    },
    "nixpkgs-stable": {
      "locked": {
        "lastModified": 1678872516,
        "narHash": "sha256-/E1YwtMtFAu2KUQKV/1+KFuReYPANM2Rzehk84VxVoc=",
        "owner": "NixOS",
        "repo": "nixpkgs",
        "rev": "9b8e5abb18324c7fe9f07cb100c3cd4a29cda8b8",
        "type": "github"
      },
      "original": {
        "owner": "NixOS",
        "ref": "nixos-22.11",
        "repo": "nixpkgs",
        "type": "github"
      }
    },
    "nixpkgs_2": {
      "locked": {
        "lastModified": 1678875422,
        "narHash": "sha256-T3o6NcQPwXjxJMn2shz86Chch4ljXgZn746c2caGxd8=",
        "owner": "NixOS",
        "repo": "nixpkgs",
        "rev": "126f49a01de5b7e35a43fd43f891ecf6d3a51459",
        "type": "github"
      },
      "original": {
        "owner": "NixOS",
        "ref": "nixpkgs-unstable",
        "repo": "nixpkgs",
        "type": "github"
      }
    },
    "nixpkgs_3": {
      "locked": {
        "lastModified": 1694767346,
        "narHash": "sha256-5uH27SiVFUwsTsqC5rs3kS7pBoNhtoy9QfTP9BmknGk=",
        "owner": "NixOS",
        "repo": "nixpkgs",
        "rev": "ace5093e36ab1e95cb9463863491bee90d5a4183",
        "type": "github"
      },
      "original": {
        "owner": "NixOS",
        "ref": "nixos-unstable",
        "repo": "nixpkgs",
        "type": "github"
      }
    },
    "nixpkgs_4": {
      "locked": {
        "lastModified": 1691990649,
        "narHash": "sha256-gMbKOiX1HwClRP9lADaaV/lnZr93NEaOFe4ApDx/zd8=",
        "owner": "NixOS",
        "repo": "nixpkgs",
        "rev": "6e287913f7b1ef537c97aa301b67c34ea46b640f",
        "type": "github"
      },
      "original": {
        "owner": "NixOS",
        "ref": "nixos-unstable",
        "repo": "nixpkgs",
        "type": "github"
      }
    },
    "nixpkgs_5": {
      "locked": {
        "lastModified": 1692684269,
        "narHash": "sha256-zJk2pyF4Cuhtor0khtPlf+hfJIh22rzAUC+KU3Ob31Q=",
        "owner": "nixos",
        "repo": "nixpkgs",
        "rev": "9d757ec498666cc1dcc6f2be26db4fd3e1e9ab37",
        "type": "github"
      },
      "original": {
        "owner": "nixos",
        "ref": "nixpkgs-unstable",
        "repo": "nixpkgs",
        "type": "github"
      }
    },
    "nixpkgs_6": {
      "locked": {
        "lastModified": 1606086654,
        "narHash": "sha256-VFl+3eGIMqNp7cyOMJ6TjM/+UcsLKtodKoYexrlTJMI=",
        "owner": "NixOS",
        "repo": "nixpkgs",
        "rev": "19db3e5ea2777daa874563b5986288151f502e27",
        "type": "github"
      },
      "original": {
        "id": "nixpkgs",
        "ref": "nixos-20.09",
        "type": "indirect"
      }
    },
    "nixpkgs_7": {
      "locked": {
        "lastModified": 1695360818,
        "narHash": "sha256-JlkN3R/SSoMTa+CasbxS1gq+GpGxXQlNZRUh9+LIy/0=",
        "owner": "nixos",
        "repo": "nixpkgs",
        "rev": "e35dcc04a3853da485a396bdd332217d0ac9054f",
        "type": "github"
      },
      "original": {
        "owner": "nixos",
        "ref": "nixos-unstable",
        "repo": "nixpkgs",
        "type": "github"
      }
    },
    "nixpkgs_8": {
      "locked": {
        "lastModified": 1681293074,
        "narHash": "sha256-6v0riyYrZ+rpIQl0K/5XIYDPT8GIjukZIALZbuQMQ1w=",
        "owner": "NixOS",
        "repo": "nixpkgs",
        "rev": "899080fcb0e52452cbdb12e9d18a319696c88cf4",
        "type": "github"
      },
      "original": {
        "owner": "NixOS",
        "repo": "nixpkgs",
        "type": "github"
      }
    },
    "nur": {
      "locked": {
        "lastModified": 1695711287,
        "narHash": "sha256-HRumfZ+r6l1P46l64CEhN5l1h2Y+USKyFyyPLriB0bQ=",
        "owner": "nix-community",
        "repo": "NUR",
        "rev": "83a8f24d134cdf8a4883f3f37954aa6bb12f9b5f",
        "type": "github"
      },
      "original": {
        "owner": "nix-community",
        "repo": "NUR",
        "type": "github"
      }
    },
    "old-neovim": {
      "inputs": {
        "flake-utils": "flake-utils_5",
        "neovim": "neovim",
        "nixpkgs": "nixpkgs_8",
        "statuscol": "statuscol"
      },
      "locked": {
        "lastModified": 1686911460,
        "narHash": "sha256-4VFd5u9gCc80lMtSvZV00roxiPL/Ri4Il64cKXb8YOI=",
        "owner": "samjwillis97",
        "repo": "neovim-flake",
        "rev": "f980c6a3f78ea9478d20e8b7d78db7942790e1df",
        "type": "github"
      },
      "original": {
        "owner": "samjwillis97",
        "repo": "neovim-flake",
        "type": "github"
      }
    },
    "plugin-autopairs": {
      "flake": false,
      "locked": {
        "lastModified": 1689332359,
        "narHash": "sha256-bu+WpW5Wfk3pS74mzVvehl7dVMHgrttmV4ZSlfwbai4=",
        "owner": "windwp",
        "repo": "nvim-autopairs",
        "rev": "ae5b41ce880a6d850055e262d6dfebd362bb276e",
        "type": "github"
      },
      "original": {
        "owner": "windwp",
        "repo": "nvim-autopairs",
        "type": "github"
      }
    },
    "plugin-catppuccin": {
      "flake": false,
      "locked": {
        "lastModified": 1691683722,
        "narHash": "sha256-LZs9WYxPldSo6lDU6DtJC3NfEkPPFdnzltgWgxGz3A4=",
        "owner": "catppuccin",
        "repo": "nvim",
        "rev": "490078b1593c6609e6a50ad5001e7902ea601824",
        "type": "github"
      },
      "original": {
        "owner": "catppuccin",
        "repo": "nvim",
        "type": "github"
      }
    },
    "plugin-cmp-buffer": {
      "flake": false,
      "locked": {
        "lastModified": 1660101488,
        "narHash": "sha256-dG4U7MtnXThoa/PD+qFtCt76MQ14V1wX8GMYcvxEnbM=",
        "owner": "hrsh7th",
        "repo": "cmp-buffer",
        "rev": "3022dbc9166796b644a841a02de8dd1cc1d311fa",
        "type": "github"
      },
      "original": {
        "owner": "hrsh7th",
        "repo": "cmp-buffer",
        "type": "github"
      }
    },
    "plugin-cmp-nvim-lsp": {
      "flake": false,
      "locked": {
        "lastModified": 1687494203,
        "narHash": "sha256-mU0soCz79erJXMMqD/FyrJZ0mu2n6fE0deymPzQlxts=",
        "owner": "hrsh7th",
        "repo": "cmp-nvim-lsp",
        "rev": "44b16d11215dce86f253ce0c30949813c0a90765",
        "type": "github"
      },
      "original": {
        "owner": "hrsh7th",
        "repo": "cmp-nvim-lsp",
        "type": "github"
      }
    },
    "plugin-cmp-path": {
      "flake": false,
      "locked": {
        "lastModified": 1664784283,
        "narHash": "sha256-thppiiV3wjIaZnAXmsh7j3DUc6ceSCvGzviwFUnoPaI=",
        "owner": "hrsh7th",
        "repo": "cmp-path",
        "rev": "91ff86cd9c29299a64f968ebb45846c485725f23",
        "type": "github"
      },
      "original": {
        "owner": "hrsh7th",
        "repo": "cmp-path",
        "type": "github"
      }
    },
    "plugin-cmp-treesitter": {
      "flake": false,
      "locked": {
        "lastModified": 1680745848,
        "narHash": "sha256-WOcg6w4M20gpMCZjZ3DpPIA55SGLjV75fhckefiVfU0=",
        "owner": "ray-x",
        "repo": "cmp-treesitter",
        "rev": "389eadd48c27aa6dc0e6b992644704f026802a2e",
        "type": "github"
      },
      "original": {
        "owner": "ray-x",
        "repo": "cmp-treesitter",
        "type": "github"
      }
    },
    "plugin-cmp-vsnip": {
      "flake": false,
      "locked": {
        "lastModified": 1669100283,
        "narHash": "sha256-2mkN03noOr5vBvRbSb35xZKorSH+8savQNZtgM9+QcM=",
        "owner": "hrsh7th",
        "repo": "cmp-vsnip",
        "rev": "989a8a73c44e926199bfd05fa7a516d51f2d2752",
        "type": "github"
      },
      "original": {
        "owner": "hrsh7th",
        "repo": "cmp-vsnip",
        "type": "github"
      }
    },
    "plugin-colorizer": {
      "flake": false,
      "locked": {
        "lastModified": 1591879145,
        "narHash": "sha256-6YrnItxExL2C8pNIdLd+hXCjsB2MbZANwWkah6dreD8=",
        "owner": "norcalli",
        "repo": "nvim-colorizer.lua",
        "rev": "36c610a9717cc9ec426a07c8e6bf3b3abcb139d6",
        "type": "github"
      },
      "original": {
        "owner": "norcalli",
        "repo": "nvim-colorizer.lua",
        "type": "github"
      }
    },
    "plugin-commentary": {
      "flake": false,
      "locked": {
        "lastModified": 1667247706,
        "narHash": "sha256-wPNAXFC3rgYJ1YkyyMqfUxiiozNldrk5ifpNHhNifyY=",
        "owner": "tpope",
        "repo": "vim-commentary",
        "rev": "e87cd90dc09c2a203e13af9704bd0ef79303d755",
        "type": "github"
      },
      "original": {
        "owner": "tpope",
        "repo": "vim-commentary",
        "type": "github"
      }
    },
    "plugin-dap": {
      "flake": false,
      "locked": {
        "lastModified": 1690903198,
        "narHash": "sha256-aXEgur2B3kLwioDRnkdtHOThWBplvD9RNcec55cwVPw=",
        "owner": "mfussenegger",
        "repo": "nvim-dap",
        "rev": "1c63f37f95cd4fb54512898168138d9a75d1516a",
        "type": "github"
      },
      "original": {
        "owner": "mfussenegger",
        "repo": "nvim-dap",
        "type": "github"
      }
    },
    "plugin-dap-ui": {
      "flake": false,
      "locked": {
        "lastModified": 1689371609,
        "narHash": "sha256-z6TFe7+r/g2tfgdXr6PCPri5lSboi66zZmsdyWTI1BM=",
        "owner": "rcarriga",
        "repo": "nvim-dap-ui",
        "rev": "85b16ac2309d85c88577cd8ee1733ce52be8227e",
        "type": "github"
      },
      "original": {
        "owner": "rcarriga",
        "repo": "nvim-dap-ui",
        "type": "github"
      }
    },
    "plugin-dracula": {
      "flake": false,
      "locked": {
        "lastModified": 1687207996,
        "narHash": "sha256-wPV6g4ggwI2yHHIFH8wUp7jsfd2MXUoyXKcKmqJTbuc=",
        "owner": "dracula",
        "repo": "vim",
        "rev": "3e52a0682a53dd7c2c53133d45948f5a49c5fd9a",
        "type": "github"
      },
      "original": {
        "owner": "dracula",
        "repo": "vim",
        "type": "github"
      }
    },
    "plugin-dracula-nvim": {
      "flake": false,
      "locked": {
        "lastModified": 1690594744,
        "narHash": "sha256-gblqxRTphGBpEOx57/4oU/B50O0OguIm1bFtd4LXuQ4=",
        "owner": "Mofiqul",
        "repo": "dracula.nvim",
        "rev": "9fe831e685a76e1a1898a694623b33247c4d036c",
        "type": "github"
      },
      "original": {
        "owner": "Mofiqul",
        "repo": "dracula.nvim",
        "type": "github"
      }
    },
    "plugin-fidget": {
      "flake": false,
      "locked": {
        "lastModified": 1686378433,
        "narHash": "sha256-N3O/AvsD6Ckd62kDEN4z/K5A3SZNR15DnQeZhH6/Rr0=",
        "owner": "j-hui",
        "repo": "fidget.nvim",
        "rev": "90c22e47be057562ee9566bad313ad42d622c1d3",
        "type": "github"
      },
      "original": {
        "owner": "j-hui",
        "ref": "legacy",
        "repo": "fidget.nvim",
        "type": "github"
      }
    },
    "plugin-formatter-nvim": {
      "flake": false,
      "locked": {
        "lastModified": 1692045056,
        "narHash": "sha256-AyiPg/M/drldwD/odlSZLoBOfXK9Z8V3NoV/zDNeB3Q=",
        "owner": "mhartington",
        "repo": "formatter.nvim",
        "rev": "44c89f09dcc220dc2a9b056e93c3a87c86e79804",
        "type": "github"
      },
      "original": {
        "owner": "mhartington",
        "repo": "formatter.nvim",
        "type": "github"
      }
    },
    "plugin-fugitive": {
      "flake": false,
      "locked": {
        "lastModified": 1688507093,
        "narHash": "sha256-JAlILa/7A9L10nWJh7IIfhdNn1tpVSKyhuc0oGTekvg=",
        "owner": "tpope",
        "repo": "vim-fugitive",
        "rev": "b3b838d690f315a503ec4af8c634bdff3b200aaf",
        "type": "github"
      },
      "original": {
        "owner": "tpope",
        "repo": "vim-fugitive",
        "type": "github"
      }
    },
    "plugin-gitsigns": {
      "flake": false,
      "locked": {
        "lastModified": 1692087744,
        "narHash": "sha256-e1r3iUQv777PPww6fIEAvCbUx/tbMabvnByJHFSPSZ8=",
        "owner": "lewis6991",
        "repo": "gitsigns.nvim",
        "rev": "4b3165b5f7b05a3381cea8baf064260bc4c9d330",
        "type": "github"
      },
      "original": {
        "owner": "lewis6991",
        "repo": "gitsigns.nvim",
        "type": "github"
      }
    },
    "plugin-gruvbox": {
      "flake": false,
      "locked": {
        "lastModified": 1691096227,
        "narHash": "sha256-OyQQpXiXlPuv0KOo5ppt7ox12cRR8vA0Qk76fRA2/6U=",
        "owner": "ellisonleao",
        "repo": "gruvbox.nvim",
        "rev": "353be593e52e2008ce17d61208668747dd557248",
        "type": "github"
      },
      "original": {
        "owner": "ellisonleao",
        "repo": "gruvbox.nvim",
        "type": "github"
      }
    },
    "plugin-harpoon": {
      "flake": false,
      "locked": {
        "lastModified": 1685314900,
        "narHash": "sha256-yMxs/MjDpBWeE2w9V5gumBadX2+poa059soNS7Q2KA4=",
        "owner": "ThePrimeagen",
        "repo": "harpoon",
        "rev": "21f4c47c6803d64ddb934a5b314dcb1b8e7365dc",
        "type": "github"
      },
      "original": {
        "owner": "ThePrimeagen",
        "repo": "harpoon",
        "type": "github"
      }
    },
    "plugin-indent-blankline": {
      "flake": false,
      "locked": {
        "lastModified": 1688727830,
        "narHash": "sha256-efMRkxjbr6o7kSKAEn0Kaw8lsDubRmc1N0Kd1BZ3A7k=",
        "owner": "lukas-reineke",
        "repo": "indent-blankline.nvim",
        "rev": "4541d690816cb99a7fc248f1486aa87f3abce91c",
        "type": "github"
      },
      "original": {
        "owner": "lukas-reineke",
        "repo": "indent-blankline.nvim",
        "type": "github"
      }
    },
    "plugin-lspconfig": {
      "flake": false,
      "locked": {
        "lastModified": 1692080476,
        "narHash": "sha256-AMqrHd75W1YK5P4fzDhOBxQQNfegGLS71W8v8Wi+5r4=",
        "owner": "neovim",
        "repo": "nvim-lspconfig",
        "rev": "0d29cad8de3b2c654315203fc1fe12fde722a18a",
        "type": "github"
      },
      "original": {
        "owner": "neovim",
        "repo": "nvim-lspconfig",
        "type": "github"
      }
    },
    "plugin-lspkind": {
      "flake": false,
      "locked": {
        "lastModified": 1683275543,
        "narHash": "sha256-S+qZm51hw/cRujIfHV/1x1fYyCKI4XQ0utSL8uy4l6I=",
        "owner": "onsails",
        "repo": "lspkind.nvim",
        "rev": "57610d5ab560c073c465d6faf0c19f200cb67e6e",
        "type": "github"
      },
      "original": {
        "owner": "onsails",
        "repo": "lspkind.nvim",
        "type": "github"
      }
    },
    "plugin-lualine": {
      "flake": false,
      "locked": {
        "lastModified": 1691046210,
        "narHash": "sha256-v8finXk+sLNaFMA7pSHhEu0WF5mhPYWHEKhl0IKBv8c=",
        "owner": "nvim-lualine",
        "repo": "lualine.nvim",
        "rev": "45e27ca739c7be6c49e5496d14fcf45a303c3a63",
        "type": "github"
      },
      "original": {
        "owner": "nvim-lualine",
        "repo": "lualine.nvim",
        "type": "github"
      }
    },
    "plugin-nvim-cmp": {
      "flake": false,
      "locked": {
        "lastModified": 1691808952,
        "narHash": "sha256-sdsfd+JxEEZI/JpCPW7v6wO0JuPzwBdbkPq0ajYgaYc=",
        "owner": "hrsh7th",
        "repo": "nvim-cmp",
        "rev": "51f1e11a89ec701221877532ee1a23557d291dd5",
        "type": "github"
      },
      "original": {
        "owner": "hrsh7th",
        "repo": "nvim-cmp",
        "type": "github"
      }
    },
    "plugin-nvim-code-action-menu": {
      "flake": false,
      "locked": {
        "lastModified": 1671523188,
        "narHash": "sha256-7szx+Me6WhrANbmfQ6C6gfSVB2owd02b3iZYhz7K6wY=",
        "owner": "weilbith",
        "repo": "nvim-code-action-menu",
        "rev": "e4399dbaf6eabff998d3d5f1cbcd8d9933710027",
        "type": "github"
      },
      "original": {
        "owner": "weilbith",
        "repo": "nvim-code-action-menu",
        "type": "github"
      }
    },
    "plugin-nvim-dap-vscode-js": {
      "flake": false,
      "locked": {
        "lastModified": 1678071992,
        "narHash": "sha256-8dlzaI94I8ppzLRNIfjVd92kYgqr07D1akDj4VdKQto=",
        "owner": "mxsdev",
        "repo": "nvim-dap-vscode-js",
        "rev": "03bd29672d7fab5e515fc8469b7d07cc5994bbf6",
        "type": "github"
      },
      "original": {
        "owner": "mxsdev",
        "repo": "nvim-dap-vscode-js",
        "type": "github"
      }
    },
    "plugin-nvim-lastplace": {
      "flake": false,
      "locked": {
        "lastModified": 1690473226,
        "narHash": "sha256-jmF06Cl1ieYXKTnW9pWdQH4IJGicvSVJAR7ppju9qyg=",
        "owner": "ethanholz",
        "repo": "nvim-lastplace",
        "rev": "0bb6103c506315044872e0f84b1f736c4172bb20",
        "type": "github"
      },
      "original": {
        "owner": "ethanholz",
        "repo": "nvim-lastplace",
        "type": "github"
      }
    },
    "plugin-nvim-tree-lua": {
      "flake": false,
      "locked": {
        "lastModified": 1691998915,
        "narHash": "sha256-w7JnGajbBQqmhrjeHZ9RMMYxhZQFOdsuaI0C8FEtTRM=",
        "owner": "kyazdani42",
        "repo": "nvim-tree.lua",
        "rev": "18c7a3119839adc4599d838726deae662859c8b2",
        "type": "github"
      },
      "original": {
        "owner": "kyazdani42",
        "repo": "nvim-tree.lua",
        "type": "github"
      }
    },
    "plugin-nvim-ts-autotag": {
      "flake": false,
      "locked": {
        "lastModified": 1686883732,
        "narHash": "sha256-4qTtXYA5HyG1sADV0wsiccO/G89qEoYPmlg8tTx7h8g=",
        "owner": "windwp",
        "repo": "nvim-ts-autotag",
        "rev": "6be1192965df35f94b8ea6d323354f7dc7a557e4",
        "type": "github"
      },
      "original": {
        "owner": "windwp",
        "repo": "nvim-ts-autotag",
        "type": "github"
      }
    },
    "plugin-nvim-web-devicons": {
      "flake": false,
      "locked": {
        "lastModified": 1691620443,
        "narHash": "sha256-1qOM8ezmNAdLvhRwBe/yFKdjZep9zNto6NlKMF5vZps=",
        "owner": "nvim-tree",
        "repo": "nvim-web-devicons",
        "rev": "ab899311f8ae00a47eae8e0879506cead8eb1561",
        "type": "github"
      },
      "original": {
        "owner": "nvim-tree",
        "repo": "nvim-web-devicons",
        "type": "github"
      }
    },
    "plugin-onedark": {
      "flake": false,
      "locked": {
        "lastModified": 1691426215,
        "narHash": "sha256-et9NZeCkt39U/3bqzPP8OtSlRlSJyRbYZlv32978NLM=",
        "owner": "navarasu",
        "repo": "onedark.nvim",
        "rev": "09b71d84bd2524438e48c0aa5b54d855cc72af32",
        "type": "github"
      },
      "original": {
        "owner": "navarasu",
        "repo": "onedark.nvim",
        "type": "github"
      }
    },
    "plugin-plenary-nvim": {
      "flake": false,
      "locked": {
        "lastModified": 1689589150,
        "narHash": "sha256-oRtNcURQzrIRS3D88tWAl3HuFHxVJr8m/zzL7xoa/II=",
        "owner": "nvim-lua",
        "repo": "plenary.nvim",
        "rev": "267282a9ce242bbb0c5dc31445b6d353bed978bb",
        "type": "github"
      },
      "original": {
        "owner": "nvim-lua",
        "repo": "plenary.nvim",
        "type": "github"
      }
    },
    "plugin-surround": {
      "flake": false,
      "locked": {
        "lastModified": 1666730476,
        "narHash": "sha256-DZE5tkmnT+lAvx/RQHaDEgEJXRKsy56KJY919xiH1lE=",
        "owner": "tpope",
        "repo": "vim-surround",
        "rev": "3d188ed2113431cf8dac77be61b842acb64433d9",
        "type": "github"
      },
      "original": {
        "owner": "tpope",
        "repo": "vim-surround",
        "type": "github"
      }
    },
    "plugin-telescope": {
      "flake": false,
      "locked": {
        "lastModified": 1691627694,
        "narHash": "sha256-BU6LFfuloNDhGSFS55sehZAX6mIqpD+R4X+sfu8aZwQ=",
        "owner": "nvim-telescope",
        "repo": "telescope.nvim",
        "rev": "2d92125620417fbea82ec30303823e3cd69e90e8",
        "type": "github"
      },
      "original": {
        "owner": "nvim-telescope",
        "repo": "telescope.nvim",
        "type": "github"
      }
    },
    "plugin-tmux-navigator": {
      "flake": false,
      "locked": {
        "lastModified": 1673311166,
        "narHash": "sha256-gF1b5aBQTNQm2hCY5aR+RSU4cCNG356Yg6uPnlgqS4o=",
        "owner": "christoomey",
        "repo": "vim-tmux-navigator",
        "rev": "cdd66d6a37d991bba7997d593586fc51a5b37aa8",
        "type": "github"
      },
      "original": {
        "owner": "christoomey",
        "repo": "vim-tmux-navigator",
        "type": "github"
      }
    },
    "plugin-tokyonight": {
      "flake": false,
      "locked": {
        "lastModified": 1689285710,
        "narHash": "sha256-x26qLaZzg7sJIc1d/5Q/DJ/YvRSc3s87PwPHTPTl+Xk=",
        "owner": "folke",
        "repo": "tokyonight.nvim",
        "rev": "1ee11019f8a81dac989ae1db1a013e3d582e2033",
        "type": "github"
      },
      "original": {
        "owner": "folke",
        "repo": "tokyonight.nvim",
        "type": "github"
      }
    },
    "plugin-treesitter-context": {
      "flake": false,
      "locked": {
        "lastModified": 1692037126,
        "narHash": "sha256-/gRsAUqONgMPKQzQrZz252AcKEFfALsFUrBHjdoz6OM=",
        "owner": "nvim-treesitter",
        "repo": "nvim-treesitter-context",
        "rev": "d8fd71428e02190d8f75ff915b6cca9e3063992c",
        "type": "github"
      },
      "original": {
        "owner": "nvim-treesitter",
        "repo": "nvim-treesitter-context",
        "type": "github"
      }
    },
    "plugin-undotree": {
      "flake": false,
      "locked": {
        "lastModified": 1688756648,
        "narHash": "sha256-aB2ikgOVXGRGtBemNcrGwzH51Ab4DVjRUXpku7fepZc=",
        "owner": "mbbill",
        "repo": "undotree",
        "rev": "0e11ba7325efbbb3f3bebe06213afa3e7ec75131",
        "type": "github"
      },
      "original": {
        "owner": "mbbill",
        "repo": "undotree",
        "type": "github"
      }
    },
    "plugin-vim-vsnip": {
      "flake": false,
      "locked": {
        "lastModified": 1678609126,
        "narHash": "sha256-ehPnvGle7YrECn76YlSY/2V7Zeq56JGlmZPlwgz2FdE=",
        "owner": "hrsh7th",
        "repo": "vim-vsnip",
        "rev": "7753ba9c10429c29d25abfd11b4c60b76718c438",
        "type": "github"
      },
      "original": {
        "owner": "hrsh7th",
        "repo": "vim-vsnip",
        "type": "github"
      }
    },
    "pre-commit-hooks": {
      "inputs": {
        "flake-compat": [
          "devenv",
          "flake-compat"
        ],
        "flake-utils": "flake-utils",
        "gitignore": "gitignore",
        "nixpkgs": [
          "devenv",
          "nixpkgs"
        ],
        "nixpkgs-stable": "nixpkgs-stable"
      },
      "locked": {
        "lastModified": 1686050334,
        "narHash": "sha256-R0mczWjDzBpIvM3XXhO908X5e2CQqjyh/gFbwZk/7/Q=",
        "owner": "cachix",
        "repo": "pre-commit-hooks.nix",
        "rev": "6881eb2ae5d8a3516e34714e7a90d9d95914c4dc",
        "type": "github"
      },
      "original": {
        "owner": "cachix",
        "repo": "pre-commit-hooks.nix",
        "type": "github"
      }
    },
    "root": {
      "inputs": {
        "agenix": "agenix",
        "darwin": "darwin_2",
        "devenv": "devenv",
        "flake-utils": "flake-utils_2",
        "home-manager": "home-manager_2",
        "hyprland": "hyprland",
        "modular-neovim": "modular-neovim",
        "nix-serve": "nix-serve",
        "nixpkgs": "nixpkgs_7",
        "nur": "nur",
        "old-neovim": "old-neovim"
      }
    },
    "statuscol": {
      "flake": false,
      "locked": {
        "lastModified": 1681341234,
        "narHash": "sha256-oVnQBcSbBTE9mBdYfG9SynuVtfnAh1ulP0YKC0MqWBU=",
        "owner": "luukvbaal",
        "repo": "statuscol.nvim",
        "rev": "8b6ed0e19bdc7d4d40b33fcc0db1c96c95c6566c",
        "type": "github"
      },
      "original": {
        "owner": "luukvbaal",
        "repo": "statuscol.nvim",
        "type": "github"
      }
    },
    "systems": {
      "locked": {
        "lastModified": 1681028828,
        "narHash": "sha256-Vy1rq5AaRuLzOxct8nz4T6wlgyUR7zLU309k9mBC768=",
        "owner": "nix-systems",
        "repo": "default",
        "rev": "da67096a3b9bf56a91d16901293e51ba5b49a27e",
        "type": "github"
      },
      "original": {
        "owner": "nix-systems",
        "repo": "default",
        "type": "github"
      }
    },
    "systems_2": {
      "locked": {
        "lastModified": 1689347949,
        "narHash": "sha256-12tWmuL2zgBgZkdoB6qXZsgJEH9LR3oUgpaQq2RbI80=",
        "owner": "nix-systems",
        "repo": "default-linux",
        "rev": "31732fcf5e8fea42e59c2488ad31a0e651500f68",
        "type": "github"
      },
      "original": {
        "owner": "nix-systems",
        "repo": "default-linux",
        "type": "github"
      }
    },
    "systems_3": {
      "locked": {
        "lastModified": 1681028828,
        "narHash": "sha256-Vy1rq5AaRuLzOxct8nz4T6wlgyUR7zLU309k9mBC768=",
        "owner": "nix-systems",
        "repo": "default",
        "rev": "da67096a3b9bf56a91d16901293e51ba5b49a27e",
        "type": "github"
      },
      "original": {
        "owner": "nix-systems",
        "repo": "default",
        "type": "github"
      }
    },
    "systems_4": {
      "locked": {
        "lastModified": 1681028828,
        "narHash": "sha256-Vy1rq5AaRuLzOxct8nz4T6wlgyUR7zLU309k9mBC768=",
        "owner": "nix-systems",
        "repo": "default",
        "rev": "da67096a3b9bf56a91d16901293e51ba5b49a27e",
        "type": "github"
      },
      "original": {
        "owner": "nix-systems",
        "repo": "default",
        "type": "github"
      }
    },
    "systems_5": {
      "locked": {
        "lastModified": 1681028828,
        "narHash": "sha256-Vy1rq5AaRuLzOxct8nz4T6wlgyUR7zLU309k9mBC768=",
        "owner": "nix-systems",
        "repo": "default",
        "rev": "da67096a3b9bf56a91d16901293e51ba5b49a27e",
        "type": "github"
      },
      "original": {
        "owner": "nix-systems",
        "repo": "default",
        "type": "github"
      }
    },
    "vscode-js-debug": {
      "inputs": {
        "flake-utils": "flake-utils_4",
        "nixpkgs": "nixpkgs_5",
        "vscode-js-debug": "vscode-js-debug_2"
      },
      "locked": {
        "lastModified": 1692804146,
        "narHash": "sha256-32FBPFAd3RDJVZ3X2m7J6vIlN75BZk0gwqj9mBS4EYQ=",
        "owner": "willruggiano",
        "repo": "vscode-js-debug.nix",
        "rev": "8d299b27ce6412989719282d1104d34f5c2149eb",
        "type": "github"
      },
      "original": {
        "owner": "willruggiano",
        "repo": "vscode-js-debug.nix",
        "type": "github"
      }
    },
    "vscode-js-debug_2": {
      "flake": false,
      "locked": {
        "lastModified": 1690242329,
        "narHash": "sha256-L7MFECy0KKJUsnObqLepPnrkDHwm28iQhjm5D9a0BV0=",
        "owner": "microsoft",
        "repo": "vscode-js-debug",
        "rev": "df0247e2df0dc816e0b2b8a38a37867673a75815",
        "type": "github"
      },
      "original": {
        "owner": "microsoft",
        "ref": "v1.81.0",
        "repo": "vscode-js-debug",
        "type": "github"
      }
    },
    "wlroots": {
      "flake": false,
      "locked": {
        "host": "gitlab.freedesktop.org",
        "lastModified": 1695277534,
        "narHash": "sha256-LEIUGXvKR5DYFQUTavC3yifcObvG4XZUUHfxXmu8nEM=",
        "owner": "wlroots",
        "repo": "wlroots",
        "rev": "98a745d926d8048bc30aef11b421df207a01c279",
        "type": "gitlab"
      },
      "original": {
        "host": "gitlab.freedesktop.org",
        "owner": "wlroots",
        "repo": "wlroots",
        "rev": "98a745d926d8048bc30aef11b421df207a01c279",
        "type": "gitlab"
      }
    },
    "xdph": {
      "inputs": {
        "hyprland-protocols": [
          "hyprland",
          "hyprland-protocols"
        ],
        "nixpkgs": [
          "hyprland",
          "nixpkgs"
        ],
        "systems": [
          "hyprland",
          "systems"
        ]
      },
      "locked": {
        "lastModified": 1694628480,
        "narHash": "sha256-Qg9hstRw0pvjGu5hStkr2UX1D73RYcQ9Ns/KnZMIm9w=",
        "owner": "hyprwm",
        "repo": "xdg-desktop-portal-hyprland",
        "rev": "8f45a6435069b9e24ebd3160eda736d7a391cbf2",
        "type": "github"
      },
      "original": {
        "owner": "hyprwm",
        "repo": "xdg-desktop-portal-hyprland",
        "type": "github"
      }
    }
  },
  "root": "root",
  "version": 7
}
